
Microsoft Visual Studio Solution File, Format Version 12.00
# Visual Studio Version 17
VisualStudioVersion = 17.7.34031.279
MinimumVisualStudioVersion = 10.0.40219.1
Project("{FAE04EC0-301F-11D3-BF4B-00C04F79EFBC}") = "Mulligan.API.Tests", "Mulligan.API.Tests\Mulligan.API.Tests.csproj", "{B4031E9E-9322-4A4C-B92E-07270F20D49C}"
EndProject
Project("{FAE04EC0-301F-11D3-BF4B-00C04F79EFBC}") = "Mulligan.API", "Mulligan.API\Mulligan.API.csproj", "{53FBC33D-448D-4D38-A854-F43FB5C15FE7}"
EndProject
Global
	GlobalSection(SolutionConfigurationPlatforms) = preSolution
		Debug|Any CPU = Debug|Any CPU
		Release|Any CPU = Release|Any CPU
	EndGlobalSection
	GlobalSection(ProjectConfigurationPlatforms) = postSolution
		{B4031E9E-9322-4A4C-B92E-07270F20D49C}.Debug|Any CPU.ActiveCfg = Debug|Any CPU
		{B4031E9E-9322-4A4C-B92E-07270F20D49C}.Debug|Any CPU.Build.0 = Debug|Any CPU
		{B4031E9E-9322-4A4C-B92E-07270F20D49C}.Release|Any CPU.ActiveCfg = Release|Any CPU
		{B4031E9E-9322-4A4C-B92E-07270F20D49C}.Release|Any CPU.Build.0 = Release|Any CPU
		{53FBC33D-448D-4D38-A854-F43FB5C15FE7}.Debug|Any CPU.ActiveCfg = Debug|Any CPU
		{53FBC33D-448D-4D38-A854-F43FB5C15FE7}.Debug|Any CPU.Build.0 = Debug|Any CPU
		{53FBC33D-448D-4D38-A854-F43FB5C15FE7}.Release|Any CPU.ActiveCfg = Release|Any CPU
		{53FBC33D-448D-4D38-A854-F43FB5C15FE7}.Release|Any CPU.Build.0 = Release|Any CPU
	EndGlobalSection
	GlobalSection(SolutionProperties) = preSolution
		HideSolutionNode = FALSE
	EndGlobalSection
	GlobalSection(ExtensibilityGlobals) = postSolution
		SolutionGuid = {2B1214AB-E9A9-4CE4-88BE-3C023C8F767F}
	EndGlobalSection
EndGlobal
